
Microsoft Visual Studio Solution File, Format Version 12.00
# Visual Studio Version 17
VisualStudioVersion = 17.11.35431.28
MinimumVisualStudioVersion = 10.0.40219.1
Project("{9A19103F-16F7-4668-BE54-9A1E7A4F7556}") = "CoreProject.UI", "CoreProject.UI\CoreProject.UI.csproj", "{0ED5321B-6F9B-4728-99B1-35B373A6EB61}"
EndProject
Project("{9A19103F-16F7-4668-BE54-9A1E7A4F7556}") = "CoreProject.EntityLayer", "CoreProject.EntityLayer\CoreProject.EntityLayer.csproj", "{E9147CA0-896B-40DB-9941-492DB5A6C9F2}"
EndProject
Project("{9A19103F-16F7-4668-BE54-9A1E7A4F7556}") = "CoreProject.DataAccessLayer", "CoreProject.DataAccessLayer\CoreProject.DataAccessLayer.csproj", "{601048BA-8094-44F1-AD49-AE06210014ED}"
EndProject
Project("{9A19103F-16F7-4668-BE54-9A1E7A4F7556}") = "CoreProject.BusinessLayer", "CoreProject.BusinessLayer\CoreProject.BusinessLayer.csproj", "{1FC7D059-EB7C-43E0-8ECB-D59D4FD1FBCB}"
EndProject
Project("{FAE04EC0-301F-11D3-BF4B-00C04F79EFBC}") = "CoreProject.CoreLayer", "CoreProject.CoreLayer\CoreProject.CoreLayer.csproj", "{4A3C04FC-8BE2-4FE7-8947-43D81534F7BF}"
EndProject
Project("{FAE04EC0-301F-11D3-BF4B-00C04F79EFBC}") = "CoreProject.API", "CoreProject.API\CoreProject.API.csproj", "{BA8F3E7D-67B3-458E-BAD0-8E7EA7C01ED9}"
EndProject
Project("{FAE04EC0-301F-11D3-BF4B-00C04F79EFBC}") = "Jwt_Core_Kampi_Api", "Jwt_Core_Kampi_Api\Jwt_Core_Kampi_Api.csproj", "{EA96CB2C-1E71-450F-B7F0-B2346B2A3E1C}"
EndProject
Global
	GlobalSection(SolutionConfigurationPlatforms) = preSolution
		Debug|Any CPU = Debug|Any CPU
		Release|Any CPU = Release|Any CPU
	EndGlobalSection
	GlobalSection(ProjectConfigurationPlatforms) = postSolution
		{0ED5321B-6F9B-4728-99B1-35B373A6EB61}.Debug|Any CPU.ActiveCfg = Debug|Any CPU
		{0ED5321B-6F9B-4728-99B1-35B373A6EB61}.Debug|Any CPU.Build.0 = Debug|Any CPU
		{0ED5321B-6F9B-4728-99B1-35B373A6EB61}.Release|Any CPU.ActiveCfg = Release|Any CPU
		{0ED5321B-6F9B-4728-99B1-35B373A6EB61}.Release|Any CPU.Build.0 = Release|Any CPU
		{E9147CA0-896B-40DB-9941-492DB5A6C9F2}.Debug|Any CPU.ActiveCfg = Debug|Any CPU
		{E9147CA0-896B-40DB-9941-492DB5A6C9F2}.Debug|Any CPU.Build.0 = Debug|Any CPU
		{E9147CA0-896B-40DB-9941-492DB5A6C9F2}.Release|Any CPU.ActiveCfg = Release|Any CPU
		{E9147CA0-896B-40DB-9941-492DB5A6C9F2}.Release|Any CPU.Build.0 = Release|Any CPU
		{601048BA-8094-44F1-AD49-AE06210014ED}.Debug|Any CPU.ActiveCfg = Debug|Any CPU
		{601048BA-8094-44F1-AD49-AE06210014ED}.Debug|Any CPU.Build.0 = Debug|Any CPU
		{601048BA-8094-44F1-AD49-AE06210014ED}.Release|Any CPU.ActiveCfg = Release|Any CPU
		{601048BA-8094-44F1-AD49-AE06210014ED}.Release|Any CPU.Build.0 = Release|Any CPU
		{1FC7D059-EB7C-43E0-8ECB-D59D4FD1FBCB}.Debug|Any CPU.ActiveCfg = Debug|Any CPU
		{1FC7D059-EB7C-43E0-8ECB-D59D4FD1FBCB}.Debug|Any CPU.Build.0 = Debug|Any CPU
		{1FC7D059-EB7C-43E0-8ECB-D59D4FD1FBCB}.Release|Any CPU.ActiveCfg = Release|Any CPU
		{1FC7D059-EB7C-43E0-8ECB-D59D4FD1FBCB}.Release|Any CPU.Build.0 = Release|Any CPU
		{4A3C04FC-8BE2-4FE7-8947-43D81534F7BF}.Debug|Any CPU.ActiveCfg = Debug|Any CPU
		{4A3C04FC-8BE2-4FE7-8947-43D81534F7BF}.Debug|Any CPU.Build.0 = Debug|Any CPU
		{4A3C04FC-8BE2-4FE7-8947-43D81534F7BF}.Release|Any CPU.ActiveCfg = Release|Any CPU
		{4A3C04FC-8BE2-4FE7-8947-43D81534F7BF}.Release|Any CPU.Build.0 = Release|Any CPU
		{BA8F3E7D-67B3-458E-BAD0-8E7EA7C01ED9}.Debug|Any CPU.ActiveCfg = Debug|Any CPU
		{BA8F3E7D-67B3-458E-BAD0-8E7EA7C01ED9}.Debug|Any CPU.Build.0 = Debug|Any CPU
		{BA8F3E7D-67B3-458E-BAD0-8E7EA7C01ED9}.Release|Any CPU.ActiveCfg = Release|Any CPU
		{BA8F3E7D-67B3-458E-BAD0-8E7EA7C01ED9}.Release|Any CPU.Build.0 = Release|Any CPU
		{EA96CB2C-1E71-450F-B7F0-B2346B2A3E1C}.Debug|Any CPU.ActiveCfg = Debug|Any CPU
		{EA96CB2C-1E71-450F-B7F0-B2346B2A3E1C}.Debug|Any CPU.Build.0 = Debug|Any CPU
		{EA96CB2C-1E71-450F-B7F0-B2346B2A3E1C}.Release|Any CPU.ActiveCfg = Release|Any CPU
		{EA96CB2C-1E71-450F-B7F0-B2346B2A3E1C}.Release|Any CPU.Build.0 = Release|Any CPU
	EndGlobalSection
	GlobalSection(SolutionProperties) = preSolution
		HideSolutionNode = FALSE
	EndGlobalSection
	GlobalSection(ExtensibilityGlobals) = postSolution
		SolutionGuid = {BA4CADB0-80D8-446F-A851-A54ACE1AA26E}
	EndGlobalSection
EndGlobal
